
Microsoft Visual Studio Solution File, Format Version 12.00
# Visual Studio 15
VisualStudioVersion = 15.0.28010.2041
MinimumVisualStudioVersion = 10.0.40219.1
Project("{FAE04EC0-301F-11D3-BF4B-00C04F79EFBC}") = "SecureQuestionBankV0.1.3", "SecureQuestionBankV0.1.3\SecureQuestionBankV0.1.3.csproj", "{5DD2866C-0AA4-4386-BFC5-A555D1F6CA64}"
EndProject
Global
	GlobalSection(SolutionConfigurationPlatforms) = preSolution
		Debug|Any CPU = Debug|Any CPU
		Release|Any CPU = Release|Any CPU
	EndGlobalSection
	GlobalSection(ProjectConfigurationPlatforms) = postSolution
		{5DD2866C-0AA4-4386-BFC5-A555D1F6CA64}.Debug|Any CPU.ActiveCfg = Debug|Any CPU
		{5DD2866C-0AA4-4386-BFC5-A555D1F6CA64}.Debug|Any CPU.Build.0 = Debug|Any CPU
		{5DD2866C-0AA4-4386-BFC5-A555D1F6CA64}.Release|Any CPU.ActiveCfg = Release|Any CPU
		{5DD2866C-0AA4-4386-BFC5-A555D1F6CA64}.Release|Any CPU.Build.0 = Release|Any CPU
	EndGlobalSection
	GlobalSection(SolutionProperties) = preSolution
		HideSolutionNode = FALSE
	EndGlobalSection
	GlobalSection(ExtensibilityGlobals) = postSolution
		SolutionGuid = {FBD0D7FC-8C9C-4DA7-A286-D85CEDD5065A}
	EndGlobalSection
EndGlobal
